
Microsoft Visual Studio Solution File, Format Version 12.00
# Visual Studio 15
VisualStudioVersion = 15.0.27703.2018
MinimumVisualStudioVersion = 10.0.40219.1
Project("{FAE04EC0-301F-11D3-BF4B-00C04F79EFBC}") = "examen", "examen\examen.csproj", "{6B59140E-199A-4638-A542-F92785E065D7}"
EndProject
Project("{FAE04EC0-301F-11D3-BF4B-00C04F79EFBC}") = "concentrateur420", "concentrateur420.dll\concentrateur420.csproj", "{12AB3A57-2CA7-4D2F-9906-6F7AC71B8721}"
EndProject
Global
	GlobalSection(SolutionConfigurationPlatforms) = preSolution
		Debug|Any CPU = Debug|Any CPU
		Release|Any CPU = Release|Any CPU
	EndGlobalSection
	GlobalSection(ProjectConfigurationPlatforms) = postSolution
		{6B59140E-199A-4638-A542-F92785E065D7}.Debug|Any CPU.ActiveCfg = Debug|Any CPU
		{6B59140E-199A-4638-A542-F92785E065D7}.Debug|Any CPU.Build.0 = Debug|Any CPU
		{6B59140E-199A-4638-A542-F92785E065D7}.Release|Any CPU.ActiveCfg = Release|Any CPU
		{6B59140E-199A-4638-A542-F92785E065D7}.Release|Any CPU.Build.0 = Release|Any CPU
		{12AB3A57-2CA7-4D2F-9906-6F7AC71B8721}.Debug|Any CPU.ActiveCfg = Debug|Any CPU
		{12AB3A57-2CA7-4D2F-9906-6F7AC71B8721}.Debug|Any CPU.Build.0 = Debug|Any CPU
		{12AB3A57-2CA7-4D2F-9906-6F7AC71B8721}.Release|Any CPU.ActiveCfg = Release|Any CPU
		{12AB3A57-2CA7-4D2F-9906-6F7AC71B8721}.Release|Any CPU.Build.0 = Release|Any CPU
	EndGlobalSection
	GlobalSection(SolutionProperties) = preSolution
		HideSolutionNode = FALSE
	EndGlobalSection
	GlobalSection(ExtensibilityGlobals) = postSolution
		SolutionGuid = {77B612AA-28F2-4ECC-966F-15CF965E44F0}
	EndGlobalSection
EndGlobal
